{
  "nodes": {
    "dart-nixpkgs": {
      "locked": {
        "lastModified": 1770768863,
        "narHash": "sha256-25FntoUoRG1wYt7XkyjRVWk8CIXSErTYJKpfU5R6Gi8=",
        "owner": "NixOS",
        "repo": "nixpkgs",
        "rev": "dcb331fe95d903edf906a0970f82e517462a8818",
        "type": "github"
      },
      "original": {
        "owner": "NixOS",
        "repo": "nixpkgs",
        "rev": "dcb331fe95d903edf906a0970f82e517462a8818",
        "type": "github"
      }
    },
    "devenv": {
      "locked": {
        "dir": "src/modules",
        "lastModified": 1788137372,
        "narHash": "sha256-vrDKgD1xoXJuwptiQmTFrbyxzrmLxB7NUwPDxDJhvCM=",
        "owner": "cachix",
        "repo": "devenv",
        "rev": "00832edc267fb93e71f1b4929c89b3ae4a637e0c",
        "type": "github"
      },
      "original": {
        "dir": "src/modules",
        "owner": "cachix",
        "repo": "devenv",
        "type": "github"
      }
    },
    "flake-compat": {
      "flake": false,
      "locked": {
        "lastModified": 1767039857,
        "narHash": "sha256-vNpUSpF5Nuw8xvDLj2KCwwksIbjua2LZCqhV1LNRDns=",
        "owner": "NixOS",
        "repo": "flake-compat",
        "rev": "5edf11c44bc78a0d334f6334cdaf7d60d732daab",
        "type": "github"
      },
      "original": {
        "owner": "NixOS",
        "repo": "flake-compat",
        "type": "github"
      }
    },
    "flake-utils": {
      "inputs": {
        "systems": "systems"
      },
      "locked": {
        "lastModified": 1731533236,
        "narHash": "sha256-l0KFg5HjrsfsO/JpG+r7fRrqm12kzFHyUHqHCVpMMbI=",
        "owner": "numtide",
        "repo": "flake-utils",
        "rev": "11707dc2f618dd54ca8739b309ec4fc024de578b",
        "type": "github"
      },
      "original": {
        "owner": "numtide",
        "repo": "flake-utils",
        "type": "github"
      }
    },
    "git-hooks": {
      "inputs": {
        "flake-compat": "flake-compat",
        "nixpkgs": [
          "nixpkgs"
        ]
      },
      "locked": {
        "lastModified": 1787424939,
        "narHash": "sha256-O2tBn84NNuHrnqNVxx/XqsXwfYvS1YwBh+7CBnbCYsk=",
        "owner": "cachix",
        "repo": "git-hooks.nix",
        "rev": "809414f0cdadf82cf11b06c2b29ba9b3168b3297",
        "type": "github"
      },
      "original": {
        "owner": "cachix",
        "repo": "git-hooks.nix",
        "type": "github"
      }
    },
    "ifiokjr-nixpkgs": {
      "inputs": {
        "flake-utils": "flake-utils",
        "nixpkgs": [
          "nixpkgs"
        ]
      },
      "locked": {
        "lastModified": 1786430556,
        "narHash": "sha256-zQl2/Nl7Aj4YtI8aKgNWp9bezmuMqn2EHIMPXutQsfc=",
        "owner": "ifiokjr",
        "repo": "nixpkgs",
        "rev": "481f1fbabd6c8ba136efc4cd6d17d316e29265b3",
        "type": "github"
      },
      "original": {
        "owner": "ifiokjr",
        "repo": "nixpkgs",
        "type": "github"
      }
    },
    "nixpkgs": {
      "locked": {
        "lastModified": 1782847189,
        "narHash": "sha256-twXPFqFsrrY5r28Zh7Homgcp2gUMBgQ6WDS98Q/3xFI=",
        "owner": "NixOS",
        "repo": "nixpkgs",
        "rev": "b6018f87da91d19d0ab4cf979885689b469cdd41",
        "type": "github"
      },
      "original": {
        "owner": "NixOS",
        "ref": "nixos-25.11",
        "repo": "nixpkgs",
        "type": "github"
      }
    },
    "root": {
      "inputs": {
        "dart-nixpkgs": "dart-nixpkgs",
        "devenv": "devenv",
        "git-hooks": "git-hooks",
        "ifiokjr-nixpkgs": "ifiokjr-nixpkgs",
        "nixpkgs": "nixpkgs",
        "rust-overlay": "rust-overlay"
      }
    },
    "rust-overlay": {
      "inputs": {
        "nixpkgs": [
          "nixpkgs"
        ]
      },
      "locked": {
        "lastModified": 1788077403,
        "narHash": "sha256-c20YZQKzQ27qC6Wh729fWRTpI7oV4+7Ur4icKssD4Wc=",
        "owner": "oxalica",
        "repo": "rust-overlay",
        "rev": "89e26eeaafa88a2ede4778734acc794ff0299beb",
        "type": "github"
      },
      "original": {
        "owner": "oxalica",
        "repo": "rust-overlay",
        "type": "github"
      }
    },
    "systems": {
      "locked": {
        "lastModified": 1681028828,
        "narHash": "sha256-Vy1rq5AaRuLzOxct8nz4T6wlgyUR7zLU309k9mBC768=",
        "owner": "nix-systems",
        "repo": "default",
        "rev": "da67096a3b9bf56a91d16901293e51ba5b49a27e",
        "type": "github"
      },
      "original": {
        "owner": "nix-systems",
        "repo": "default",
        "type": "github"
      }
    }
  },
  "root": "root",
  "version": 7
}